
Microsoft Visual Studio Solution File, Format Version 12.00
# Visual Studio Version 16
VisualStudioVersion = 16.0.30011.22
MinimumVisualStudioVersion = 10.0.40219.1
Project("{9A19103F-16F7-4668-BE54-9A1E7A4F7556}") = "Text Classification Sample 1", "Text Classification Sample 1\Text Classification Sample 1.csproj", "{B50B9784-0CEB-415D-8558-F1939476ECCE}"
EndProject
Project("{9A19103F-16F7-4668-BE54-9A1E7A4F7556}") = "Text Classification Sample 1ML.Model", "Text Classification Sample 1ML.Model\Text Classification Sample 1ML.Model.csproj", "{1B46C87C-592E-4ED0-A0B9-B03206215331}"
EndProject
Project("{9A19103F-16F7-4668-BE54-9A1E7A4F7556}") = "Text Classification Sample 1ML.ConsoleApp", "Text Classification Sample 1ML.ConsoleApp\Text Classification Sample 1ML.ConsoleApp.csproj", "{FEB7B069-3EEC-4AFD-887B-664422049FA9}"
EndProject
Global
	GlobalSection(SolutionConfigurationPlatforms) = preSolution
		Debug|Any CPU = Debug|Any CPU
		Release|Any CPU = Release|Any CPU
	EndGlobalSection
	GlobalSection(ProjectConfigurationPlatforms) = postSolution
		{B50B9784-0CEB-415D-8558-F1939476ECCE}.Debug|Any CPU.ActiveCfg = Debug|Any CPU
		{B50B9784-0CEB-415D-8558-F1939476ECCE}.Debug|Any CPU.Build.0 = Debug|Any CPU
		{B50B9784-0CEB-415D-8558-F1939476ECCE}.Release|Any CPU.ActiveCfg = Release|Any CPU
		{B50B9784-0CEB-415D-8558-F1939476ECCE}.Release|Any CPU.Build.0 = Release|Any CPU
		{1B46C87C-592E-4ED0-A0B9-B03206215331}.Debug|Any CPU.ActiveCfg = Debug|Any CPU
		{1B46C87C-592E-4ED0-A0B9-B03206215331}.Debug|Any CPU.Build.0 = Debug|Any CPU
		{1B46C87C-592E-4ED0-A0B9-B03206215331}.Release|Any CPU.ActiveCfg = Release|Any CPU
		{1B46C87C-592E-4ED0-A0B9-B03206215331}.Release|Any CPU.Build.0 = Release|Any CPU
		{FEB7B069-3EEC-4AFD-887B-664422049FA9}.Debug|Any CPU.ActiveCfg = Debug|Any CPU
		{FEB7B069-3EEC-4AFD-887B-664422049FA9}.Debug|Any CPU.Build.0 = Debug|Any CPU
		{FEB7B069-3EEC-4AFD-887B-664422049FA9}.Release|Any CPU.ActiveCfg = Release|Any CPU
		{FEB7B069-3EEC-4AFD-887B-664422049FA9}.Release|Any CPU.Build.0 = Release|Any CPU
	EndGlobalSection
	GlobalSection(SolutionProperties) = preSolution
		HideSolutionNode = FALSE
	EndGlobalSection
	GlobalSection(ExtensibilityGlobals) = postSolution
		SolutionGuid = {899D8E0F-9B63-4C77-B215-CED0177D1A84}
	EndGlobalSection
EndGlobal
